
Microsoft Visual Studio Solution File, Format Version 12.00
# Visual Studio Version 17
VisualStudioVersion = 17.14.36623.8 d17.14
MinimumVisualStudioVersion = 10.0.40219.1
Project("{FAE04EC0-301F-11D3-BF4B-00C04F79EFBC}") = "MauiAppMinhasCompras", "MauiAppMinhasCompras\MauiAppMinhasCompras.csproj", "{EF1FC07A-961D-4377-AA87-07A8C4E52B77}"
EndProject
Global
	GlobalSection(SolutionConfigurationPlatforms) = preSolution
		Debug|Any CPU = Debug|Any CPU
		Release|Any CPU = Release|Any CPU
	EndGlobalSection
	GlobalSection(ProjectConfigurationPlatforms) = postSolution
		{EF1FC07A-961D-4377-AA87-07A8C4E52B77}.Debug|Any CPU.ActiveCfg = Debug|Any CPU
		{EF1FC07A-961D-4377-AA87-07A8C4E52B77}.Debug|Any CPU.Build.0 = Debug|Any CPU
		{EF1FC07A-961D-4377-AA87-07A8C4E52B77}.Debug|Any CPU.Deploy.0 = Debug|Any CPU
		{EF1FC07A-961D-4377-AA87-07A8C4E52B77}.Release|Any CPU.ActiveCfg = Release|Any CPU
		{EF1FC07A-961D-4377-AA87-07A8C4E52B77}.Release|Any CPU.Build.0 = Release|Any CPU
		{EF1FC07A-961D-4377-AA87-07A8C4E52B77}.Release|Any CPU.Deploy.0 = Release|Any CPU
	EndGlobalSection
	GlobalSection(SolutionProperties) = preSolution
		HideSolutionNode = FALSE
	EndGlobalSection
	GlobalSection(ExtensibilityGlobals) = postSolution
		SolutionGuid = {145EDBB4-51C6-4027-A27E-F2FC1E5345CC}
	EndGlobalSection
EndGlobal
